PODS:
  - Alamofire (5.8.1)
  - Differentiator (5.0.0)
  - HotmobiOSSDK (6.0.0):
    - Alamofire (~> 5)
    - ObjectMapper (~> 4.2)
    - RxCocoa (~> 6)
    - RxDataSources (~> 5.0)
    - RxSwift (~> 6)
    - RxWebKit (~> 2.0)
    - SwiftyJSON
    - SWRevealViewController (= 2.3.0)
  - ObjectMapper (4.2.0)
  - RxCocoa (6.6.0):
    - RxRelay (= 6.6.0)
    - RxSwift (= 6.6.0)
  - RxDataSources (5.0.0):
    - Differentiator (~> 5.0)
    - RxCocoa (~> 6.0)
    - RxSwift (~> 6.0)
  - RxRelay (6.6.0):
    - RxSwift (= 6.6.0)
  - RxSwift (6.6.0)
  - RxWebKit (2.0.0):
    - RxCocoa (~> 6.0)
    - RxSwift (~> 6.0)
  - SwiftyJSON (5.0.1)
  - SWRevealViewController (2.3.0)

DEPENDENCIES:
  - Alamofire
  - HotmobiOSSDK (from `../../../hotmob-ios-sdk`)
  - ObjectMapper (~> 4.2)
  - RxCocoa
  - RxDataSources
  - RxSwift
  - RxWebKit (~> 2.0)
  - SwiftyJSON
  - SWRevealViewController (= 2.3.0)

SPEC REPOS:
  trunk:
    - Alamofire
    - Differentiator
    - ObjectMapper
    - RxCocoa
    - RxDataSources
    - RxRelay
    - RxSwift
    - RxWebKit
    - SwiftyJSON
    - SWRevealViewController

EXTERNAL SOURCES:
  HotmobiOSSDK:
    :path: "../../../hotmob-ios-sdk"

SPEC CHECKSUMS:
  Alamofire: 3ca42e259043ee0dc5c0cdd76c4bc568b8e42af7
  Differentiator: e8497ceab83c1b10ca233716d547b9af21b9344d
  HotmobiOSSDK: f19f296c81c0d0698dc496ab417aa1df707c7f55
  ObjectMapper: 1eb41f610210777375fa806bf161dc39fb832b81
  RxCocoa: 44a80de90e25b739b5aeaae3c8c371a32e3343cc
  RxDataSources: aa47cc1ed6c500fa0dfecac5c979b723542d79cf
  RxRelay: 45eaa5db8ee4fb50e5ebd57deec0159e97fa51e6
  RxSwift: a4b44f7d24599f674deebd1818eab82e58410632
  RxWebKit: f1d621d914e230f8aff65a7f03c969dced8915eb
  SwiftyJSON: 2f33a42c6fbc52764d96f13368585094bfd8aa5e
  SWRevealViewController: 6d3fd97f70112fd7cef9de14df4260eacce4c63a

PODFILE CHECKSUM: de49b036f912c739041c3845124f273d21cde5f6

COCOAPODS: 1.13.0
